
Microsoft Visual Studio Solution File, Format Version 12.00
# Visual Studio 15
VisualStudioVersion = 15.0.28307.271
MinimumVisualStudioVersion = 10.0.40219.1
Project("{FAE04EC0-301F-11D3-BF4B-00C04F79EFBC}") = "wordpuzzle", "wordpuzzle\wordpuzzle.csproj", "{0C32608E-9DA0-4453-9A5D-236B6346EED1}"
EndProject
Global
	GlobalSection(SolutionConfigurationPlatforms) = preSolution
		Debug|Any CPU = Debug|Any CPU
		Release|Any CPU = Release|Any CPU
	EndGlobalSection
	GlobalSection(ProjectConfigurationPlatforms) = postSolution
		{0C32608E-9DA0-4453-9A5D-236B6346EED1}.Debug|Any CPU.ActiveCfg = Debug|Any CPU
		{0C32608E-9DA0-4453-9A5D-236B6346EED1}.Debug|Any CPU.Build.0 = Debug|Any CPU
		{0C32608E-9DA0-4453-9A5D-236B6346EED1}.Release|Any CPU.ActiveCfg = Release|Any CPU
		{0C32608E-9DA0-4453-9A5D-236B6346EED1}.Release|Any CPU.Build.0 = Release|Any CPU
	EndGlobalSection
	GlobalSection(SolutionProperties) = preSolution
		HideSolutionNode = FALSE
	EndGlobalSection
	GlobalSection(ExtensibilityGlobals) = postSolution
		SolutionGuid = {F7AEAF54-623A-4E5A-B9E7-D2FCB93BDC05}
	EndGlobalSection
EndGlobal
